<?xml version="1.0" encoding="utf-8"?>
<Project ToolsVersion="4.0" xmlns="http://schemas.microsoft.com/developer/msbuild/2003">
  <ItemGroup>
    <ClCompile Include="entry.cpp" />
    <ClCompile Include="dependencies\interfaces\interfaces.cpp" />
    <ClCompile Include="dependencies\utils\hook.cpp" />
    <ClCompile Include="hooked\hooked.cpp" />
    <ClCompile Include="dependencies\utils\renderer.cpp" />
    <ClCompile Include="dependencies\netvar_manager\netvar_mgr.cpp" />
    <ClCompile Include="sdk\vector3d.cpp" />
    <ClCompile Include="sdk\view_matrix.cpp" />
    <ClCompile Include="dependencies\math\math.cpp" />
    <ClCompile Include="features\misc\misc.cpp" />
    <ClCompile Include="features\visuals\visuals.cpp" />
    <ClCompile Include="features\aimbot\aimbot.cpp" />
    <ClCompile Include="features\anti-aimbot\antiaim.cpp" />
    <ClCompile Include="features\movement\movement.cpp" />
    <ClCompile Include="features\aimbot\aimbot_recode.cpp" />
    <ClCompile Include="sdk\entity_structs.cpp" />
    <ClCompile Include="features\prediction\prediction.cpp" />
    <ClCompile Include="features\menu\menu.cpp" />
    <ClCompile Include="dependencies\utils\utils.cpp" />
    <ClCompile Include="dependencies\imgui\dx9\imgui_impl_dx9.cpp" />
    <ClCompile Include="dependencies\imgui\imgui.cpp" />
    <ClCompile Include="dependencies\imgui\imgui_draw.cpp" />
    <ClCompile Include="sdk\memory.hpp" />
    <ClCompile Include="sdk\checksum_md5.cpp" />
  </ItemGroup>
  <ItemGroup>
    <ClInclude Include="dependencies\interfaces\interfaces.hpp" />
    <ClInclude Include="dependencies\global_includes.hpp" />
    <ClInclude Include="dependencies\interfaces\global_vars.hpp" />
    <ClInclude Include="dependencies\interfaces\engine_client.hpp" />
    <ClInclude Include="dependencies\interfaces\client_dll.hpp" />
    <ClInclude Include="sdk\client_classes.hpp" />
    <ClInclude Include="sdk\recv_prop.hpp" />
    <ClInclude Include="dependencies\interfaces\entity_list.hpp" />
    <ClInclude Include="dependencies\interfaces\panel.hpp" />
    <ClInclude Include="sdk\sdk_includes.hpp" />
    <ClInclude Include="dependencies\utils\fnv.hpp" />
    <ClInclude Include="dependencies\utils\hook.hpp" />
    <ClInclude Include="hooked\hooked.hpp" />
    <ClInclude Include="dependencies\interfaces\surface.hpp" />
    <ClInclude Include="dependencies\utils\renderer.hpp" />
    <ClInclude Include="sdk\color.hpp" />
    <ClInclude Include="dependencies\netvar_manager\netvar_mgr.hpp" />
    <ClInclude Include="sdk\entity_structs.hpp" />
    <ClInclude Include="sdk\utl_vector.hpp" />
    <ClInclude Include="sdk\vector2d.hpp" />
    <ClInclude Include="sdk\vector3d.hpp" />
    <ClInclude Include="sdk\view_matrix.hpp" />
    <ClInclude Include="dependencies\math\math.hpp" />
    <ClInclude Include="sdk\collideable.hpp" />
    <ClInclude Include="features\misc\misc.hpp" />
    <ClInclude Include="features\visuals\visuals.hpp" />
    <ClInclude Include="dependencies\interfaces\player_info_manager.hpp" />
    <ClInclude Include="dependencies\interfaces\client_mode.hpp" />
    <ClInclude Include="sdk\usercmd.hpp" />
    <ClInclude Include="dependencies\interfaces\material_system.hpp" />
    <ClInclude Include="features\aimbot\aimbot.hpp" />
    <ClInclude Include="dependencies\interfaces\input.hpp" />
    <ClInclude Include="features\anti-aimbot\antiaim.hpp" />
    <ClInclude Include="sdk\matrix.hpp" />
    <ClInclude Include="sdk\client_renderable.hpp" />
    <ClInclude Include="dependencies\interfaces\studio_render.hpp" />
    <ClInclude Include="dependencies\utils\call.hpp" />
    <ClInclude Include="features\movement\movement.hpp" />
    <ClInclude Include="dependencies\interfaces\trace.hpp" />
    <ClInclude Include="features\aimbot\aimbot_recode.hpp" />
    <ClInclude Include="features\config_vars.hpp" />
    <ClInclude Include="features\aimbot\fire_bullets.hpp" />
    <ClInclude Include="dependencies\interfaces\mdl_info.hpp" />
    <ClInclude Include="dependencies\interfaces\model_render.hpp" />
    <ClInclude Include="features\prediction\prediction.hpp" />
    <ClInclude Include="dependencies\interfaces\i_prediction.h" />
    <ClInclude Include="dependencies\interfaces\renderview.hpp" />
    <ClInclude Include="features\menu\menu.hpp" />
    <ClInclude Include="dependencies\utils\utils.h" />
    <ClInclude Include="dependencies\imgui\dx9\imgui_impl_dx9.h" />
    <ClInclude Include="dependencies\imgui\imconfig.h" />
    <ClInclude Include="dependencies\imgui\imgui.h" />
    <ClInclude Include="dependencies\imgui\imgui_internal.h" />
    <ClInclude Include="dependencies\imgui\stb_rect_pack.h" />
    <ClInclude Include="dependencies\imgui\stb_textedit.h" />
    <ClInclude Include="dependencies\imgui\stb_truetype.h" />
    <ClInclude Include="dependencies\New_Amsterdam.hpp" />
    <ClInclude Include="sdk\cvars.hpp" />
    <ClInclude Include="sdk\checksum_md5.h" />
    <ClInclude Include="dependencies\ctx.hpp" />
  </ItemGroup>
</Project>